
Microsoft Visual Studio Solution File, Format Version 12.00
# Visual Studio 2012
Project("{FAE04EC0-301F-11D3-BF4B-00C04F79EFBC}") = "UI", "AlgorithmTech\UI.csproj", "{AC341450-ECE1-4AEA-9E66-0D5437554C3C}"
EndProject
Project("{FAE04EC0-301F-11D3-BF4B-00C04F79EFBC}") = "AlgorithmTech.Tests", "AlgorithmTech.Tests\AlgorithmTech.Tests.csproj", "{96AD9ADE-D4CF-487A-8BCF-3107034FBBDA}"
EndProject
Project("{FAE04EC0-301F-11D3-BF4B-00C04F79EFBC}") = "Controllers", "Controller\Controllers.csproj", "{9258294A-679C-4E37-AC5C-17075FBF6ED0}"
EndProject
Project("{FAE04EC0-301F-11D3-BF4B-00C04F79EFBC}") = "Model", "Model\Model.csproj", "{0F97EA45-C487-4C86-9899-B7A8B2324113}"
EndProject
Project("{FAE04EC0-301F-11D3-BF4B-00C04F79EFBC}") = "BLL", "BLL\BLL.csproj", "{FBD6BDA2-07DD-4FBA-9C6B-D528F4349623}"
EndProject
Project("{FAE04EC0-301F-11D3-BF4B-00C04F79EFBC}") = "IBLL", "IBLL\IBLL.csproj", "{BF859C8C-E224-4D02-A188-F98502777D7D}"
EndProject
Project("{FAE04EC0-301F-11D3-BF4B-00C04F79EFBC}") = "DAL", "DAL\DAL.csproj", "{484F1C19-A7BD-4822-B612-43E33B8A851B}"
EndProject
Project("{FAE04EC0-301F-11D3-BF4B-00C04F79EFBC}") = "IDAL", "IDAL\IDAL.csproj", "{0747641A-F6DC-403E-A823-8DB6F64A8FBA}"
EndProject
Project("{FAE04EC0-301F-11D3-BF4B-00C04F79EFBC}") = "ApiControllers", "ApiController\ApiControllers.csproj", "{CF85A5E4-318C-411B-8768-B3E7CA262FD1}"
EndProject
Project("{2150E333-8FDC-42A3-9474-1A3956D46DE8}") = "BLLF", "BLLF", "{D8EBCC27-9F11-4173-B5EA-B87168FFA104}"
EndProject
Project("{2150E333-8FDC-42A3-9474-1A3956D46DE8}") = "DALF", "DALF", "{010FC103-D88D-468E-B040-130889F90FB4}"
EndProject
Project("{2150E333-8FDC-42A3-9474-1A3956D46DE8}") = "TestF", "TestF", "{17210869-EAB0-4BFE-906F-E21375539434}"
EndProject
Project("{2150E333-8FDC-42A3-9474-1A3956D46DE8}") = "ControllerF", "ControllerF", "{1BAA3083-2E69-4C7E-8297-90D46AA3B4F9}"
EndProject
Project("{2150E333-8FDC-42A3-9474-1A3956D46DE8}") = "ModelF", "ModelF", "{7E324EE3-3AA6-46DA-97F2-BBCB6778A66A}"
EndProject
Project("{FAE04EC0-301F-11D3-BF4B-00C04F79EFBC}") = "IOC", "IOC\IOC.csproj", "{6B6C77C3-2CBC-4199-8E19-BAE44E33EBD3}"
EndProject
Project("{FAE04EC0-301F-11D3-BF4B-00C04F79EFBC}") = "ModelMap", "ModelMap\ModelMap.csproj", "{0F681CF7-1FB5-4083-8D00-3328710772B1}"
EndProject
Project("{FAE04EC0-301F-11D3-BF4B-00C04F79EFBC}") = "Common", "Common\Common.csproj", "{A755B176-02E0-4BA2-8191-55601000701C}"
EndProject
Global
	GlobalSection(SolutionConfigurationPlatforms) = preSolution
		Debug|Any CPU = Debug|Any CPU
		Release|Any CPU = Release|Any CPU
	EndGlobalSection
	GlobalSection(ProjectConfigurationPlatforms) = postSolution
		{AC341450-ECE1-4AEA-9E66-0D5437554C3C}.Debug|Any CPU.ActiveCfg = Debug|Any CPU
		{AC341450-ECE1-4AEA-9E66-0D5437554C3C}.Debug|Any CPU.Build.0 = Debug|Any CPU
		{AC341450-ECE1-4AEA-9E66-0D5437554C3C}.Release|Any CPU.ActiveCfg = Release|Any CPU
		{AC341450-ECE1-4AEA-9E66-0D5437554C3C}.Release|Any CPU.Build.0 = Release|Any CPU
		{96AD9ADE-D4CF-487A-8BCF-3107034FBBDA}.Debug|Any CPU.ActiveCfg = Debug|Any CPU
		{96AD9ADE-D4CF-487A-8BCF-3107034FBBDA}.Debug|Any CPU.Build.0 = Debug|Any CPU
		{96AD9ADE-D4CF-487A-8BCF-3107034FBBDA}.Release|Any CPU.ActiveCfg = Release|Any CPU
		{96AD9ADE-D4CF-487A-8BCF-3107034FBBDA}.Release|Any CPU.Build.0 = Release|Any CPU
		{9258294A-679C-4E37-AC5C-17075FBF6ED0}.Debug|Any CPU.ActiveCfg = Debug|Any CPU
		{9258294A-679C-4E37-AC5C-17075FBF6ED0}.Debug|Any CPU.Build.0 = Debug|Any CPU
		{9258294A-679C-4E37-AC5C-17075FBF6ED0}.Release|Any CPU.ActiveCfg = Release|Any CPU
		{9258294A-679C-4E37-AC5C-17075FBF6ED0}.Release|Any CPU.Build.0 = Release|Any CPU
		{0F97EA45-C487-4C86-9899-B7A8B2324113}.Debug|Any CPU.ActiveCfg = Debug|Any CPU
		{0F97EA45-C487-4C86-9899-B7A8B2324113}.Debug|Any CPU.Build.0 = Debug|Any CPU
		{0F97EA45-C487-4C86-9899-B7A8B2324113}.Release|Any CPU.ActiveCfg = Release|Any CPU
		{0F97EA45-C487-4C86-9899-B7A8B2324113}.Release|Any CPU.Build.0 = Release|Any CPU
		{FBD6BDA2-07DD-4FBA-9C6B-D528F4349623}.Debug|Any CPU.ActiveCfg = Debug|Any CPU
		{FBD6BDA2-07DD-4FBA-9C6B-D528F4349623}.Debug|Any CPU.Build.0 = Debug|Any CPU
		{FBD6BDA2-07DD-4FBA-9C6B-D528F4349623}.Release|Any CPU.ActiveCfg = Release|Any CPU
		{FBD6BDA2-07DD-4FBA-9C6B-D528F4349623}.Release|Any CPU.Build.0 = Release|Any CPU
		{BF859C8C-E224-4D02-A188-F98502777D7D}.Debug|Any CPU.ActiveCfg = Debug|Any CPU
		{BF859C8C-E224-4D02-A188-F98502777D7D}.Debug|Any CPU.Build.0 = Debug|Any CPU
		{BF859C8C-E224-4D02-A188-F98502777D7D}.Release|Any CPU.ActiveCfg = Release|Any CPU
		{BF859C8C-E224-4D02-A188-F98502777D7D}.Release|Any CPU.Build.0 = Release|Any CPU
		{484F1C19-A7BD-4822-B612-43E33B8A851B}.Debug|Any CPU.ActiveCfg = Debug|Any CPU
		{484F1C19-A7BD-4822-B612-43E33B8A851B}.Debug|Any CPU.Build.0 = Debug|Any CPU
		{484F1C19-A7BD-4822-B612-43E33B8A851B}.Release|Any CPU.ActiveCfg = Release|Any CPU
		{484F1C19-A7BD-4822-B612-43E33B8A851B}.Release|Any CPU.Build.0 = Release|Any CPU
		{0747641A-F6DC-403E-A823-8DB6F64A8FBA}.Debug|Any CPU.ActiveCfg = Debug|Any CPU
		{0747641A-F6DC-403E-A823-8DB6F64A8FBA}.Debug|Any CPU.Build.0 = Debug|Any CPU
		{0747641A-F6DC-403E-A823-8DB6F64A8FBA}.Release|Any CPU.ActiveCfg = Release|Any CPU
		{0747641A-F6DC-403E-A823-8DB6F64A8FBA}.Release|Any CPU.Build.0 = Release|Any CPU
		{CF85A5E4-318C-411B-8768-B3E7CA262FD1}.Debug|Any CPU.ActiveCfg = Debug|Any CPU
		{CF85A5E4-318C-411B-8768-B3E7CA262FD1}.Debug|Any CPU.Build.0 = Debug|Any CPU
		{CF85A5E4-318C-411B-8768-B3E7CA262FD1}.Release|Any CPU.ActiveCfg = Release|Any CPU
		{CF85A5E4-318C-411B-8768-B3E7CA262FD1}.Release|Any CPU.Build.0 = Release|Any CPU
		{6B6C77C3-2CBC-4199-8E19-BAE44E33EBD3}.Debug|Any CPU.ActiveCfg = Debug|Any CPU
		{6B6C77C3-2CBC-4199-8E19-BAE44E33EBD3}.Debug|Any CPU.Build.0 = Debug|Any CPU
		{6B6C77C3-2CBC-4199-8E19-BAE44E33EBD3}.Release|Any CPU.ActiveCfg = Release|Any CPU
		{6B6C77C3-2CBC-4199-8E19-BAE44E33EBD3}.Release|Any CPU.Build.0 = Release|Any CPU
		{0F681CF7-1FB5-4083-8D00-3328710772B1}.Debug|Any CPU.ActiveCfg = Debug|Any CPU
		{0F681CF7-1FB5-4083-8D00-3328710772B1}.Debug|Any CPU.Build.0 = Debug|Any CPU
		{0F681CF7-1FB5-4083-8D00-3328710772B1}.Release|Any CPU.ActiveCfg = Release|Any CPU
		{0F681CF7-1FB5-4083-8D00-3328710772B1}.Release|Any CPU.Build.0 = Release|Any CPU
		{A755B176-02E0-4BA2-8191-55601000701C}.Debug|Any CPU.ActiveCfg = Debug|Any CPU
		{A755B176-02E0-4BA2-8191-55601000701C}.Debug|Any CPU.Build.0 = Debug|Any CPU
		{A755B176-02E0-4BA2-8191-55601000701C}.Release|Any CPU.ActiveCfg = Release|Any CPU
		{A755B176-02E0-4BA2-8191-55601000701C}.Release|Any CPU.Build.0 = Release|Any CPU
	EndGlobalSection
	GlobalSection(SolutionProperties) = preSolution
		HideSolutionNode = FALSE
	EndGlobalSection
	GlobalSection(NestedProjects) = preSolution
		{96AD9ADE-D4CF-487A-8BCF-3107034FBBDA} = {17210869-EAB0-4BFE-906F-E21375539434}
		{CF85A5E4-318C-411B-8768-B3E7CA262FD1} = {1BAA3083-2E69-4C7E-8297-90D46AA3B4F9}
		{9258294A-679C-4E37-AC5C-17075FBF6ED0} = {1BAA3083-2E69-4C7E-8297-90D46AA3B4F9}
		{0F97EA45-C487-4C86-9899-B7A8B2324113} = {7E324EE3-3AA6-46DA-97F2-BBCB6778A66A}
		{0F681CF7-1FB5-4083-8D00-3328710772B1} = {7E324EE3-3AA6-46DA-97F2-BBCB6778A66A}
		{BF859C8C-E224-4D02-A188-F98502777D7D} = {D8EBCC27-9F11-4173-B5EA-B87168FFA104}
		{FBD6BDA2-07DD-4FBA-9C6B-D528F4349623} = {D8EBCC27-9F11-4173-B5EA-B87168FFA104}
		{0747641A-F6DC-403E-A823-8DB6F64A8FBA} = {010FC103-D88D-468E-B040-130889F90FB4}
		{484F1C19-A7BD-4822-B612-43E33B8A851B} = {010FC103-D88D-468E-B040-130889F90FB4}
	EndGlobalSection
EndGlobal
